
Microsoft Visual Studio Solution File, Format Version 12.00
# Visual Studio 15
VisualStudioVersion = 15.0.28307.1401
MinimumVisualStudioVersion = 10.0.40219.1
Project("{8BC9CEB8-8B4A-11D0-8D11-00A0C91BC942}") = "MFC_TEST_PROJECT", "MFC_TEST_PROJECT\MFC_TEST_PROJECT.vcxproj", "{C2A3E2CA-A03A-4332-9AF4-24664227830A}"
EndProject
Global
	GlobalSection(SolutionConfigurationPlatforms) = preSolution
		Debug|x64 = Debug|x64
		Debug|x86 = Debug|x86
		Release|x64 = Release|x64
		Release|x86 = Release|x86
	EndGlobalSection
	GlobalSection(ProjectConfigurationPlatforms) = postSolution
		{C2A3E2CA-A03A-4332-9AF4-24664227830A}.Debug|x64.ActiveCfg = Debug|x64
		{C2A3E2CA-A03A-4332-9AF4-24664227830A}.Debug|x64.Build.0 = Debug|x64
		{C2A3E2CA-A03A-4332-9AF4-24664227830A}.Debug|x86.ActiveCfg = Debug|Win32
		{C2A3E2CA-A03A-4332-9AF4-24664227830A}.Debug|x86.Build.0 = Debug|Win32
		{C2A3E2CA-A03A-4332-9AF4-24664227830A}.Release|x64.ActiveCfg = Release|x64
		{C2A3E2CA-A03A-4332-9AF4-24664227830A}.Release|x64.Build.0 = Release|x64
		{C2A3E2CA-A03A-4332-9AF4-24664227830A}.Release|x86.ActiveCfg = Release|Win32
		{C2A3E2CA-A03A-4332-9AF4-24664227830A}.Release|x86.Build.0 = Release|Win32
	EndGlobalSection
	GlobalSection(SolutionProperties) = preSolution
		HideSolutionNode = FALSE
	EndGlobalSection
	GlobalSection(ExtensibilityGlobals) = postSolution
		SolutionGuid = {C041DC46-9F54-4728-98D1-9BF82D81A1AA}
	EndGlobalSection
EndGlobal
